
Microsoft Visual Studio Solution File, Format Version 12.00
# Visual Studio 2013
VisualStudioVersion = 12.0.31101.0
MinimumVisualStudioVersion = 10.0.40219.1
Project("{FAE04EC0-301F-11D3-BF4B-00C04F79EFBC}") = "RecipeConverter.Website", "RecipeConverter.Website\RecipeConverter.Website.csproj", "{00F6C600-3C16-4E80-99C4-D168C0D5F0A4}"
EndProject
Project("{FAE04EC0-301F-11D3-BF4B-00C04F79EFBC}") = "RecipeConverter.Model", "RecipeConverter.Model\RecipeConverter.Model.csproj", "{97E6E74A-A976-4271-8DD5-2FDEB4E6328C}"
EndProject
Global
	GlobalSection(SolutionConfigurationPlatforms) = preSolution
		Debug|Any CPU = Debug|Any CPU
		Release|Any CPU = Release|Any CPU
	EndGlobalSection
	GlobalSection(ProjectConfigurationPlatforms) = postSolution
		{00F6C600-3C16-4E80-99C4-D168C0D5F0A4}.Debug|Any CPU.ActiveCfg = Debug|Any CPU
		{00F6C600-3C16-4E80-99C4-D168C0D5F0A4}.Debug|Any CPU.Build.0 = Debug|Any CPU
		{00F6C600-3C16-4E80-99C4-D168C0D5F0A4}.Release|Any CPU.ActiveCfg = Release|Any CPU
		{00F6C600-3C16-4E80-99C4-D168C0D5F0A4}.Release|Any CPU.Build.0 = Release|Any CPU
		{97E6E74A-A976-4271-8DD5-2FDEB4E6328C}.Debug|Any CPU.ActiveCfg = Debug|Any CPU
		{97E6E74A-A976-4271-8DD5-2FDEB4E6328C}.Debug|Any CPU.Build.0 = Debug|Any CPU
		{97E6E74A-A976-4271-8DD5-2FDEB4E6328C}.Release|Any CPU.ActiveCfg = Release|Any CPU
		{97E6E74A-A976-4271-8DD5-2FDEB4E6328C}.Release|Any CPU.Build.0 = Release|Any CPU
	EndGlobalSection
	GlobalSection(SolutionProperties) = preSolution
		HideSolutionNode = FALSE
	EndGlobalSection
EndGlobal
